github.com/DDRBoxman/go-amazon-product-api v0.0.0-20170107024513-3e88f3c8fd4f h1:bwgZLb5FF+S0w8d1iFslfAJ/yOem2pjNvy5nIkHcQ90=
github.com/DDRBoxman/go-amazon-product-api v0.0.0-20170107024513-3e88f3c8fd4f/go.mod h1:FVhq7ryLTPAWr/3kTLQbc9eOHT+akByxfb8sTb4e8bg=
github.com/campoy/apiai v0.0.0-20170906221302-17266d8ce708 h1:3qSbGs3CNMhahj9DGq99quGFAvtdb6YHkc9Ou5ouLZo=
github.com/campoy/apiai v0.0.0-20170906221302-17266d8ce708/go.mod h1:OmcLeGRbMRkyXP9IeA/YuVAsDEKCXtNIzcKDDRtNuLc=
github.com/clockworkcoding/goodreads v0.0.0-20171209172042-dc565c48f23a h1:xzk4gFuPGHRO2B939AHx19SP2Q8NqAZpIqNQ8jMrtow=
github.com/clockworkcoding/goodreads v0.0.0-20171209172042-dc565c48f23a/go.mod h1:dPX4BUlllwmGmRycnksewAqcXS3ekXsaU5zsaT70nTI=
github.com/clockworkcoding/goverdrive v0.0.0-20170713222943-d47bbb2f0ee0 h1:Hs3onmnuBkPqlwjUGr9GJo9YG1S7VuLCwwSTRV9FFMA=
github.com/clockworkcoding/goverdrive v0.0.0-20170713222943-d47bbb2f0ee0/go.mod h1:0+YVmzJbMja/ynd6VZqJdA85GWOGVg3yFf7cyJRMsZ8=
github.com/clockworkcoding/slack v0.0.0-20180630165941-ad6abbc690d7 h1:1dpG7kQyRag4U52ifMMKci4c6WQnhn+PMhKYWpafT0Y=
github.com/clockworkcoding/slack v0.0.0-20180630165941-ad6abbc690d7/go.mod h1:hROCLs2s6ixm/kGgh41GXzFWtI4+94kjP7s0orXFsz4=
github.com/clockworkcoding/slack v0.0.1 h1:ivBI4+jSB8TT1pxv/+/3jAD1scE5hbKinYSbCASpyCk=
github.com/clockworkcoding/slack v0.0.1/go.mod h1:hROCLs2s6ixm/kGgh41GXzFWtI4+94kjP7s0orXFsz4=
github.com/clockworkcoding/slack v0.0.2-0.20200723153319-f09437b2153f h1:M4jACVA+2W8+jTyVe0m3KdO7QCdjLzp+KcL29Vf1LiI=
github.com/clockworkcoding/slack v0.0.2-0.20200723153319-f09437b2153f/go.mod h1:hROCLs2s6ixm/kGgh41GXzFWtI4+94kjP7s0orXFsz4=
github.com/clockworkcoding/slack v0.0.2-0.20200724033606-c0052397ba99 h1:64Goku2NAWFbfTAT8dN7D65c6bJA1XLr/uB0fUFWTb8=
github.com/clockworkcoding/slack v0.0.2-0.20200724033606-c0052397ba99/go.mod h1:hROCLs2s6ixm/kGgh41GXzFWtI4+94kjP7s0orXFsz4=
github.com/clockworkcoding/slack v0.0.4 h1:5wU3QFmnY9GAIZMn0ZYTDx+wWD+NriopBklPoJfxUuM=
github.com/clockworkcoding/slack v0.0.4/go.mod h1:hROCLs2s6ixm/kGgh41GXzFWtI4+94kjP7s0orXFsz4=
github.com/go-redis/redis v0.0.0-20170925100742-83513b5140f1 h1:25Eo2BT8sliZ4k8/9VO4aovSy2hYc73kSlJFUwKhgpc=
github.com/go-redis/redis v0.0.0-20170925100742-83513b5140f1/go.mod h1:NAIEuMOZ/fxfXJIrKDQDz8wamY7mA7PouImQ2Jvg6kA=
github.com/gorilla/context v1.1.1/go.mod h1:kBGZzfjB9CEq2AlWe17Uuf7NDRt0dE0s8S51q0aT7Yg=
github.com/lib/pq v0.0.0-20170324204654-2704adc878c2 h1:2imqQk4oITdu2OSQcxO1A/yR6vftxSUI8iCQo8Ra4Jw=
github.com/lib/pq v0.0.0-20170324204654-2704adc878c2/go.mod h1:5WUZQaWbwv1U+lTReE5YruASi9Al49XbQIvNi/34Woo=
github.com/mrjones/oauth v0.0.0-20170225175752-3f67d9c27435 h1:BLNsxEs5JLL35+z5Cm/x3KovfXuLQ5ddAqjhNhZE9yc=
github.com/mrjones/oauth v0.0.0-20170225175752-3f67d9c27435/go.mod h1:skjdDftzkFALcuGzYSklqYd8gvat6F1gZJ4YPVbkZpM=
golang.org/x/net v0.0.0-20170308210134-a6577fac2d73 h1:5kGFsglTK4KqaHYb/WCmYmj+Gm1+dzbilbtzruHj6dw=
golang.org/x/net v0.0.0-20170308210134-a6577fac2d73/go.mod h1:mL1N/T3taQHkDXs73rZJwtUhF3w3ftmwwsq0BUmARs4=
golang.org/x/oauth2 v0.0.0-20170321013421-7fdf09982454 h1:qH7SPXL1bLgpFB+ycaFjqQ2lI54cG8OGelAQGpmZSnc=
golang.org/x/oauth2 v0.0.0-20170321013421-7fdf09982454/go.mod h1:N/0e6XlmueqKjAGxoOufVs8QHGRruUQn6yWY3a++T0U=
